#MicroXplorer Configuration settings - do not modify
File.Version=6
KeepUserPlacement=true
Mcu.Family=STM32L1
Mcu.IP0=NVIC
Mcu.IP1=RCC
Mcu.IP2=SPI1
Mcu.IP3=SYS
Mcu.IP4=TIM6
Mcu.IP5=TIM7
Mcu.IP6=USART1
Mcu.IPNb=7
Mcu.Name=STM32L100RCTx
Mcu.Package=LQFP64
Mcu.Pin0=PA0-WKUP1
Mcu.Pin1=PA1
Mcu.Pin10=PA10
Mcu.Pin11=PA13
Mcu.Pin12=PA14
Mcu.Pin13=PC12
Mcu.Pin14=PB4
Mcu.Pin15=VP_SYS_VS_Systick
Mcu.Pin16=VP_TIM6_VS_ClockSourceINT
Mcu.Pin17=VP_TIM7_VS_ClockSourceINT
Mcu.Pin2=PA2
Mcu.Pin3=PA5
Mcu.Pin4=PA7
Mcu.Pin5=PC7
Mcu.Pin6=PC8
Mcu.Pin7=PC9
Mcu.Pin8=PA8
Mcu.Pin9=PA9
Mcu.PinsNb=18
Mcu.ThirdPartyNb=0
Mcu.UserConstants=
Mcu.UserName=STM32L100RCTx
MxCube.Version=5.4.0
MxDb.Version=DB.5.0.40
NVIC.BusFault_IRQn=true\:0\:0\:false\:false\:true\:true\:false
NVIC.DebugMonitor_IRQn=true\:0\:0\:false\:false\:true\:true\:false
NVIC.EXTI4_IRQn=true\:2\:0\:true\:false\:true\:true\:true
NVIC.ForceEnableDMAVector=true
NVIC.HardFault_IRQn=true\:0\:0\:false\:false\:true\:true\:false
NVIC.MemoryManagement_IRQn=true\:0\:0\:false\:false\:true\:true\:false
NVIC.NonMaskableInt_IRQn=true\:0\:0\:false\:false\:true\:true\:false
NVIC.PendSV_IRQn=true\:0\:0\:false\:false\:true\:false\:false
NVIC.PriorityGroup=NVIC_PRIORITYGROUP_4
NVIC.SVC_IRQn=true\:0\:0\:false\:false\:true\:false\:false
NVIC.SysTick_IRQn=true\:0\:0\:true\:false\:true\:true\:true
NVIC.TIM6_IRQn=true\:1\:0\:true\:false\:true\:true\:true
NVIC.TIM7_IRQn=true\:1\:0\:true\:false\:true\:true\:true
NVIC.USART1_IRQn=true\:3\:0\:true\:false\:true\:true\:true
NVIC.UsageFault_IRQn=true\:0\:0\:false\:false\:true\:true\:false
PA0-WKUP1.GPIOParameters=GPIO_Speed,PinState,GPIO_PuPd,GPIO_Label,GPIO_ModeDefaultOutputPP
PA0-WKUP1.GPIO_Label=PLAY_PAUSE
PA0-WKUP1.GPIO_ModeDefaultOutputPP=GPIO_MODE_OUTPUT_PP
PA0-WKUP1.GPIO_PuPd=GPIO_NOPULL
PA0-WKUP1.GPIO_Speed=GPIO_SPEED_FREQ_HIGH
PA0-WKUP1.Locked=true
PA0-WKUP1.PinState=GPIO_PIN_RESET
PA0-WKUP1.Signal=GPIO_Output
PA1.GPIOParameters=GPIO_Label,GPIO_Speed,GPIO_ModeDefaultOutputPP,PinState,GPIO_PuPd
PA1.GPIO_Label=NEXT
PA1.GPIO_ModeDefaultOutputPP=GPIO_MODE_OUTPUT_PP
PA1.GPIO_PuPd=GPIO_NOPULL
PA1.GPIO_Speed=GPIO_SPEED_FREQ_HIGH
PA1.Locked=true
PA1.PinState=GPIO_PIN_RESET
PA1.Signal=GPIO_Output
PA10.Locked=true
PA10.Mode=Asynchronous
PA10.Signal=USART1_RX
PA13.GPIOParameters=GPIO_Label
PA13.GPIO_Label=SWDIO
PA13.Locked=true
PA13.Mode=Serial_Wire
PA13.Signal=SYS_JTMS-SWDIO
PA14.GPIOParameters=GPIO_Label
PA14.GPIO_Label=SWCLK
PA14.Locked=true
PA14.Mode=Serial_Wire
PA14.Signal=SYS_JTCK-SWCLK
PA2.GPIOParameters=GPIO_Label,GPIO_Speed,GPIO_ModeDefaultOutputPP,PinState,GPIO_PuPd
PA2.GPIO_Label=PREV
PA2.GPIO_ModeDefaultOutputPP=GPIO_MODE_OUTPUT_PP
PA2.GPIO_PuPd=GPIO_NOPULL
PA2.GPIO_Speed=GPIO_SPEED_FREQ_HIGH
PA2.Locked=true
PA2.PinState=GPIO_PIN_RESET
PA2.Signal=GPIO_Output
PA5.GPIOParameters=GPIO_Speed,GPIO_PuPd,GPIO_Label
PA5.GPIO_Label=DOUT_CLK
PA5.GPIO_PuPd=GPIO_NOPULL
PA5.GPIO_Speed=GPIO_SPEED_FREQ_VERY_HIGH
PA5.Mode=Simplex_Bidirectional_Master
PA5.Signal=SPI1_SCK
PA7.GPIOParameters=GPIO_Label
PA7.GPIO_Label=DOUT
PA7.Mode=Simplex_Bidirectional_Master
PA7.Signal=SPI1_MOSI
PA8.GPIOParameters=GPIO_Speed
PA8.GPIO_Speed=GPIO_SPEED_FREQ_VERY_HIGH
PA8.Mode=Clock-out
PA8.Signal=RCC_MCO
PA9.Mode=Asynchronous
PA9.Signal=USART1_TX
PB4.GPIOParameters=GPIO_PuPd,GPIO_Label,GPIO_ModeDefaultEXTI
PB4.GPIO_Label=DIN
PB4.GPIO_ModeDefaultEXTI=GPIO_MODE_IT_RISING_FALLING
PB4.GPIO_PuPd=GPIO_NOPULL
PB4.Locked=true
PB4.Signal=GPXTI4
PC12.GPIOParameters=GPIO_Speed,PinState,GPIO_PuPd,GPIO_Label,GPIO_ModeDefaultOutputPP
PC12.GPIO_Label=BT_PWR
PC12.GPIO_ModeDefaultOutputPP=GPIO_MODE_OUTPUT_PP
PC12.GPIO_PuPd=GPIO_NOPULL
PC12.GPIO_Speed=GPIO_SPEED_FREQ_HIGH
PC12.Locked=true
PC12.PinState=GPIO_PIN_RESET
PC12.Signal=GPIO_Output
PC7.GPIOParameters=GPIO_Speed,GPIO_PuPd,GPIO_Label,GPIO_ModeDefaultOutputPP
PC7.GPIO_Label=LD5 [Large Green Led]
PC7.GPIO_ModeDefaultOutputPP=GPIO_MODE_OUTPUT_PP
PC7.GPIO_PuPd=GPIO_NOPULL
PC7.GPIO_Speed=GPIO_SPEED_FREQ_HIGH
PC7.Locked=true
PC7.Signal=GPIO_Output
PC8.GPIOParameters=GPIO_Speed,GPIO_PuPd,GPIO_Label,GPIO_ModeDefaultOutputPP
PC8.GPIO_Label=LD4 [Blue Led]
PC8.GPIO_ModeDefaultOutputPP=GPIO_MODE_OUTPUT_PP
PC8.GPIO_PuPd=GPIO_NOPULL
PC8.GPIO_Speed=GPIO_SPEED_FREQ_HIGH
PC8.Locked=true
PC8.Signal=GPIO_Output
PC9.GPIOParameters=GPIO_Speed,GPIO_PuPd,GPIO_Label,GPIO_ModeDefaultOutputPP
PC9.GPIO_Label=LD3 [Green Led]
PC9.GPIO_ModeDefaultOutputPP=GPIO_MODE_OUTPUT_PP
PC9.GPIO_PuPd=GPIO_NOPULL
PC9.GPIO_Speed=GPIO_SPEED_FREQ_HIGH
PC9.Locked=true
PC9.Signal=GPIO_Output
PCC.Checker=true
PCC.Line=STM32L100 Value Line
PCC.MCU=STM32L100RCTx
PCC.PartNumber=STM32L100RCTx
PCC.Seq0=0
PCC.Series=STM32L1
PCC.Temperature=25
PCC.Vdd=3.0
PinOutPanel.RotationAngle=0
ProjectManager.AskForMigrate=true
ProjectManager.BackupPrevious=true
ProjectManager.CompilerOptimize=6
ProjectManager.ComputerToolchain=false
ProjectManager.CoupleFile=true
ProjectManager.CustomerFirmwarePackage=
ProjectManager.DefaultFWLocation=true
ProjectManager.DeletePrevious=true
ProjectManager.DeviceId=STM32L100RCTx
ProjectManager.FirmwarePackage=STM32Cube FW_L1 V1.9.0
ProjectManager.FreePins=false
ProjectManager.HalAssertFull=true
ProjectManager.HeapSize=0x200
ProjectManager.KeepUserCode=true
ProjectManager.LastFirmware=true
ProjectManager.LibraryCopy=1
ProjectManager.MainLocation=Core/Src
ProjectManager.NoMain=false
ProjectManager.PreviousToolchain=
ProjectManager.ProjectBuild=false
ProjectManager.ProjectFileName=cdcEmulator.ioc
ProjectManager.ProjectName=cdcEmulator
ProjectManager.StackSize=0x400
ProjectManager.TargetToolchain=Makefile
ProjectManager.ToolChainLocation=
ProjectManager.UnderRoot=false
ProjectManager.functionlistsort=1-MX_GPIO_Init-GPIO-false-LL-true,2-SystemClock_Config-RCC-false-LL-false,3-MX_USART1_UART_Init-USART1-true-LL-true,4-MX_SPI1_Init-SPI1-true-LL-true,5-MX_TIM6_Init-TIM6-false-LL-true,6-MX_TIM7_Init-TIM7-false-LL-true
RCC.48MHZClocksFreq_Value=32000000
RCC.AHBFreq_Value=32000000
RCC.APB1Freq_Value=32000000
RCC.APB1TimFreq_Value=32000000
RCC.APB2CLKDivider=RCC_HCLK_DIV2
RCC.APB2Freq_Value=16000000
RCC.APB2TimFreq_Value=32000000
RCC.FCLKCortexFreq_Value=32000000
RCC.FamilyName=M
RCC.HCLKFreq_Value=32000000
RCC.HSE_VALUE=24000000
RCC.HSI_VALUE=16000000
RCC.INSTRUCTION_CACHE_ENABLE=1
RCC.IPParameters=48MHZClocksFreq_Value,AHBFreq_Value,APB1Freq_Value,APB1TimFreq_Value,APB2CLKDivider,APB2Freq_Value,APB2TimFreq_Value,FCLKCortexFreq_Value,FamilyName,HCLKFreq_Value,HSE_VALUE,HSI_VALUE,INSTRUCTION_CACHE_ENABLE,LCDFreq_Value,LSE_VALUE,LSI_VALUE,MCOPinFreq_Value,MSI_VALUE,PLLCLKFreq_Value,PLLMUL,PWRFreq_Value,RCC_MCODiv,RTCClockSelection,RTCClockSelectionVirtual,RTCFreq_Value,RTCHSEDivFreq_Value,SYSCLKFreq_VALUE,SYSCLKSource,TIMFreq_Value,TimerFreq_Value,VCOOutputFreq_Value
RCC.LCDFreq_Value=32768
RCC.LSE_VALUE=32768
RCC.LSI_VALUE=37000
RCC.MCOPinFreq_Value=8000000
RCC.MSI_VALUE=2097000
RCC.PLLCLKFreq_Value=32000000
RCC.PLLMUL=RCC_PLL_MUL4
RCC.PWRFreq_Value=32000000
RCC.RCC_MCODiv=RCC_MCODIV_4
RCC.RTCClockSelection=RCC_RTCCLKSOURCE_LSE
RCC.RTCClockSelectionVirtual=RCC_RTCCLKSOURCE_LSE
RCC.RTCFreq_Value=32768
RCC.RTCHSEDivFreq_Value=12000000
RCC.SYSCLKFreq_VALUE=32000000
RCC.SYSCLKSource=RCC_SYSCLKSOURCE_PLLCLK
RCC.TIMFreq_Value=32000000
RCC.TimerFreq_Value=32000000
RCC.VCOOutputFreq_Value=64000000
SH.GPXTI4.0=GPIO_EXTI4
SH.GPXTI4.ConfNb=1
SPI1.BaudRatePrescaler=SPI_BAUDRATEPRESCALER_256
SPI1.CLKPhase=SPI_PHASE_2EDGE
SPI1.CalculateBaudRate=62.5 KBits/s
SPI1.Direction=SPI_DIRECTION_1LINE
SPI1.IPParameters=VirtualType,Mode,Direction,CalculateBaudRate,BaudRatePrescaler,CLKPhase
SPI1.Mode=SPI_MODE_MASTER
SPI1.VirtualType=VM_MASTER
USART1.IPParameters=VirtualMode
USART1.VirtualMode=VM_ASYNC
VP_SYS_VS_Systick.Mode=SysTick
VP_SYS_VS_Systick.Signal=SYS_VS_Systick
VP_TIM6_VS_ClockSourceINT.Mode=Enable_Timer
VP_TIM6_VS_ClockSourceINT.Signal=TIM6_VS_ClockSourceINT
VP_TIM7_VS_ClockSourceINT.Mode=Enable_Timer
VP_TIM7_VS_ClockSourceINT.Signal=TIM7_VS_ClockSourceINT
board=STM32L100C-DISCO
boardIOC=true
